
Microsoft Visual Studio Solution File, Format Version 12.00
# Visual Studio Version 16
VisualStudioVersion = 16.0.29418.71
MinimumVisualStudioVersion = 10.0.40219.1
Project("{FAE04EC0-301F-11D3-BF4B-00C04F79EFBC}") = "PetReporting", "PetReporting\PetReporting.csproj", "{F7E3B014-09FA-4848-AC18-16C41D80E827}"
EndProject
Project("{FAE04EC0-301F-11D3-BF4B-00C04F79EFBC}") = "PetReporting.Tests", "PetReporting.Tests\PetReporting.Tests.csproj", "{629ADB2E-F024-4D05-94F5-3D5C3BA20A42}"
EndProject
Global
	GlobalSection(SolutionConfigurationPlatforms) = preSolution
		Debug|Any CPU = Debug|Any CPU
		Release|Any CPU = Release|Any CPU
	EndGlobalSection
	GlobalSection(ProjectConfigurationPlatforms) = postSolution
		{F7E3B014-09FA-4848-AC18-16C41D80E827}.Debug|Any CPU.ActiveCfg = Debug|Any CPU
		{F7E3B014-09FA-4848-AC18-16C41D80E827}.Debug|Any CPU.Build.0 = Debug|Any CPU
		{F7E3B014-09FA-4848-AC18-16C41D80E827}.Release|Any CPU.ActiveCfg = Release|Any CPU
		{F7E3B014-09FA-4848-AC18-16C41D80E827}.Release|Any CPU.Build.0 = Release|Any CPU
		{629ADB2E-F024-4D05-94F5-3D5C3BA20A42}.Debug|Any CPU.ActiveCfg = Debug|Any CPU
		{629ADB2E-F024-4D05-94F5-3D5C3BA20A42}.Debug|Any CPU.Build.0 = Debug|Any CPU
		{629ADB2E-F024-4D05-94F5-3D5C3BA20A42}.Release|Any CPU.ActiveCfg = Release|Any CPU
		{629ADB2E-F024-4D05-94F5-3D5C3BA20A42}.Release|Any CPU.Build.0 = Release|Any CPU
	EndGlobalSection
	GlobalSection(SolutionProperties) = preSolution
		HideSolutionNode = FALSE
	EndGlobalSection
	GlobalSection(ExtensibilityGlobals) = postSolution
		SolutionGuid = {0410A952-449C-41AF-9A6A-472E005E96AD}
	EndGlobalSection
EndGlobal
